
Microsoft Visual Studio Solution File, Format Version 12.00
# Visual Studio Version 17
VisualStudioVersion = 17.11.35303.130
MinimumVisualStudioVersion = 10.0.40219.1
Project("{FAE04EC0-301F-11D3-BF4B-00C04F79EFBC}") = "MicroDynamicWebAPI", "MicroDynamicWebAPI\MicroDynamicWebAPI.csproj", "{22EED926-6FCB-427F-88C2-E8F35B855EEE}"
EndProject
Global
	GlobalSection(SolutionConfigurationPlatforms) = preSolution
		Debug|Any CPU = Debug|Any CPU
		Release|Any CPU = Release|Any CPU
	EndGlobalSection
	GlobalSection(ProjectConfigurationPlatforms) = postSolution
		{22EED926-6FCB-427F-88C2-E8F35B855EEE}.Debug|Any CPU.ActiveCfg = Debug|Any CPU
		{22EED926-6FCB-427F-88C2-E8F35B855EEE}.Debug|Any CPU.Build.0 = Debug|Any CPU
		{22EED926-6FCB-427F-88C2-E8F35B855EEE}.Release|Any CPU.ActiveCfg = Release|Any CPU
		{22EED926-6FCB-427F-88C2-E8F35B855EEE}.Release|Any CPU.Build.0 = Release|Any CPU
	EndGlobalSection
	GlobalSection(SolutionProperties) = preSolution
		HideSolutionNode = FALSE
	EndGlobalSection
	GlobalSection(ExtensibilityGlobals) = postSolution
		SolutionGuid = {89FF8E0F-18BE-4757-B983-6B8850C9A3BC}
	EndGlobalSection
EndGlobal
